
Microsoft Visual Studio Solution File, Format Version 12.00
# Visual Studio 15
VisualStudioVersion = 15.0.28307.421
MinimumVisualStudioVersion = 10.0.40219.1
Project("{FAE04EC0-301F-11D3-BF4B-00C04F79EFBC}") = "WxCore", "WxCore\WxCore.csproj", "{C41668DC-EFB5-477E-AA98-929301134E1A}"
EndProject
Global
	GlobalSection(SolutionConfigurationPlatforms) = preSolution
		Debug|Any CPU = Debug|Any CPU
		Release|Any CPU = Release|Any CPU
	EndGlobalSection
	GlobalSection(ProjectConfigurationPlatforms) = postSolution
		{C41668DC-EFB5-477E-AA98-929301134E1A}.Debug|Any CPU.ActiveCfg = Debug|Any CPU
		{C41668DC-EFB5-477E-AA98-929301134E1A}.Debug|Any CPU.Build.0 = Debug|Any CPU
		{C41668DC-EFB5-477E-AA98-929301134E1A}.Release|Any CPU.ActiveCfg = Release|Any CPU
		{C41668DC-EFB5-477E-AA98-929301134E1A}.Release|Any CPU.Build.0 = Release|Any CPU
	EndGlobalSection
	GlobalSection(SolutionProperties) = preSolution
		HideSolutionNode = FALSE
	EndGlobalSection
	GlobalSection(ExtensibilityGlobals) = postSolution
		SolutionGuid = {90D74718-4A7A-4CE1-ABC8-F448EF302E4B}
	EndGlobalSection
EndGlobal
